{
    "_readme": [
        "This file locks the dependencies of your project to a known state",
        "Read more about it at https://getcomposer.org/doc/01-basic-usage.md#installing-dependencies",
        "This file is @generated automatically"
    ],
    "content-hash": "f8e31ee6f59279ec20c2949dc39788f3",
    "packages": [
        {
            "name": "cl/cirsim-php",
            "version": "v1.1.3",
            "source": {
                "type": "git",
                "url": "https://github.com/charles-owen/cirsim-php.git",
                "reference": "a292b109076e2e74fab8d5a59995c5c7c8aff231"
            },
            "dist": {
                "type": "zip",
                "url": "https://api.github.com/repos/charles-owen/cirsim-php/zipball/a292b109076e2e74fab8d5a59995c5c7c8aff231",
                "reference": "a292b109076e2e74fab8d5a59995c5c7c8aff231",
                "shasum": ""
            },
            "type": "library",
            "extra": {
                "branch-alias": {
                    "dev-master": "1.1.x-dev"
                }
            },
            "autoload": {
                "psr-4": {
                    "CL\\CirsimPHP\\": "src/CirsimPHP"
                }
            },
            "license": [
                "MIT"
            ],
            "authors": [
                {
                    "name": "Charles B. Owen",
                    "email": "cbowen@msu.edu"
                }
            ],
            "description": "Cirsim server-side PHP support.",
            "support": {
                "source": "https://github.com/charles-owen/cirsim-php/tree/v1.1.3",
                "issues": "https://github.com/charles-owen/cirsim-php/issues"
            },
            "time": "2021-01-17T20:24:05+00:00"
        },
        {
            "name": "cl/kmap-php",
            "version": "v1.0.1",
            "source": {
                "type": "git",
                "url": "https://github.com/charles-owen/kmap-php.git",
                "reference": "64b3c7d963bf059de357d6c997d4ebf81a64924e"
            },
            "dist": {
                "type": "zip",
                "url": "https://api.github.com/repos/charles-owen/kmap-php/zipball/64b3c7d963bf059de357d6c997d4ebf81a64924e",
                "reference": "64b3c7d963bf059de357d6c997d4ebf81a64924e",
                "shasum": ""
            },
            "type": "library",
            "extra": {
                "branch-alias": {
                    "dev-master": "1.0.x-dev"
                }
            },
            "autoload": {
                "psr-4": {
                    "CL\\KmapPHP\\": "src/KmapPHP"
                }
            },
            "notification-url": "https://packagist.org/downloads/",
            "license": [
                "MIT"
            ],
            "authors": [
                {
                    "name": "Charles B. Owen",
                    "email": "cbowen@msu.edu"
                }
            ],
            "description": "Kmap server-side PHP support.",
            "support": {
                "issues": "https://github.com/charles-owen/kmap-php/issues",
                "source": "https://github.com/charles-owen/kmap-php/tree/v1.0.1"
            },
            "time": "2021-01-17T22:29:48+00:00"
        }
    ],
    "packages-dev": [],
    "aliases": [],
    "minimum-stability": "stable",
    "stability-flags": [],
    "prefer-stable": false,
    "prefer-lowest": false,
    "platform": [],
    "platform-dev": [],
    "plugin-api-version": "2.0.0"
}
